Microsoft Visual Studio Solution File, Format Version 12.00
# Visual Studio Version 17
VisualStudioVersion = 17.5.2.0
MinimumVisualStudioVersion = 10.0.40219.1
Project("{FAE04EC0-301F-11D3-BF4B-00C04F79EFBC}") = "PTI", "PTI.csproj", "{4DB187F9-08E8-14C0-55AF-185B2C0BBF6C}"
EndProject
Global
	GlobalSection(SolutionConfigurationPlatforms) = preSolution
		Debug|Any CPU = Debug|Any CPU
		Release|Any CPU = Release|Any CPU
	EndGlobalSection
	GlobalSection(ProjectConfigurationPlatforms) = postSolution
		{4DB187F9-08E8-14C0-55AF-185B2C0BBF6C}.Debug|Any CPU.ActiveCfg = Debug|Any CPU
		{4DB187F9-08E8-14C0-55AF-185B2C0BBF6C}.Debug|Any CPU.Build.0 = Debug|Any CPU
		{4DB187F9-08E8-14C0-55AF-185B2C0BBF6C}.Release|Any CPU.ActiveCfg = Release|Any CPU
		{4DB187F9-08E8-14C0-55AF-185B2C0BBF6C}.Release|Any CPU.Build.0 = Release|Any CPU
	EndGlobalSection
	GlobalSection(SolutionProperties) = preSolution
		HideSolutionNode = FALSE
	EndGlobalSection
	GlobalSection(ExtensibilityGlobals) = postSolution
		SolutionGuid = {228D9233-A304-491D-ABCD-74D582CCE41A}
	EndGlobalSection
EndGlobal
